
Microsoft Visual Studio Solution File, Format Version 12.00
# Visual Studio 15
VisualStudioVersion = 15.0.27130.2024
MinimumVisualStudioVersion = 10.0.40219.1
Project("{FAE04EC0-301F-11D3-BF4B-00C04F79EFBC}") = "OnlineStore", "OnlineStore\OnlineStore.csproj", "{EA179737-389F-4097-9190-C4F34B682DCD}"
EndProject
Global
	GlobalSection(SolutionConfigurationPlatforms) = preSolution
		Debug|Any CPU = Debug|Any CPU
		Release|Any CPU = Release|Any CPU
	EndGlobalSection
	GlobalSection(ProjectConfigurationPlatforms) = postSolution
		{EA179737-389F-4097-9190-C4F34B682DCD}.Debug|Any CPU.ActiveCfg = Debug|Any CPU
		{EA179737-389F-4097-9190-C4F34B682DCD}.Debug|Any CPU.Build.0 = Debug|Any CPU
		{EA179737-389F-4097-9190-C4F34B682DCD}.Release|Any CPU.ActiveCfg = Release|Any CPU
		{EA179737-389F-4097-9190-C4F34B682DCD}.Release|Any CPU.Build.0 = Release|Any CPU
	EndGlobalSection
	GlobalSection(SolutionProperties) = preSolution
		HideSolutionNode = FALSE
	EndGlobalSection
	GlobalSection(ExtensibilityGlobals) = postSolution
		SolutionGuid = {5D4C2EBF-C18D-4447-980A-730D64AD07FF}
	EndGlobalSection
EndGlobal
